
Microsoft Visual Studio Solution File, Format Version 12.00
# Visual Studio Version 16
VisualStudioVersion = 16.0.30225.117
MinimumVisualStudioVersion = 10.0.40219.1
Project("{9A19103F-16F7-4668-BE54-9A1E7A4F7556}") = "LetsDoIt.Moody.Application", "src\Application\LetsDoIt.Moody.Application\LetsDoIt.Moody.Application.csproj", "{1D37FA0A-C9FD-42F9-8B0A-ED9CAB837005}"
EndProject
Project("{2150E333-8FDC-42A3-9474-1A3956D46DE8}") = "src", "src", "{79243330-7626-456D-BFB3-8EB4756C616B}"
EndProject
Project("{2150E333-8FDC-42A3-9474-1A3956D46DE8}") = "Application", "Application", "{C83E87DE-5BAA-4FA4-9D29-190C049DC70E}"
EndProject
Project("{2150E333-8FDC-42A3-9474-1A3956D46DE8}") = "Domain", "Domain", "{6E2695AA-EDE9-4391-B66F-2E0926060540}"
EndProject
Project("{9A19103F-16F7-4668-BE54-9A1E7A4F7556}") = "LetsDoIt.Moody.Domain", "src\Domain\LetsDoIt.Moody.Domain\LetsDoIt.Moody.Domain.csproj", "{99E02C22-7B86-47AD-8706-F532E687DC50}"
EndProject
Project("{2150E333-8FDC-42A3-9474-1A3956D46DE8}") = "Infrastructure", "Infrastructure", "{EAEAD3AD-554E-4A39-8CCF-37F039B71C15}"
EndProject
Project("{9A19103F-16F7-4668-BE54-9A1E7A4F7556}") = "LetsDoIt.Moody.Infrastructure", "src\Infrastructure\LetsDoIt.Moody.Infrastructure\LetsDoIt.Moody.Infrastructure.csproj", "{8C0D630C-BAAF-4013-8962-293071DEA101}"
EndProject
Project("{2150E333-8FDC-42A3-9474-1A3956D46DE8}") = "Web", "Web", "{B9C8F300-2439-4F61-BB09-5CB3312EF5F2}"
EndProject
Project("{9A19103F-16F7-4668-BE54-9A1E7A4F7556}") = "LetsDoIt.Moody.Web", "src\Web\LetsDoIt.Moody.Web\LetsDoIt.Moody.Web.csproj", "{1C59363F-BB54-4066-A4FD-8FAAF357880E}"
EndProject
Project("{2150E333-8FDC-42A3-9474-1A3956D46DE8}") = "tests", "tests", "{E58C65D5-036D-4070-B42B-2F58E3BD6E34}"
EndProject
Project("{2150E333-8FDC-42A3-9474-1A3956D46DE8}") = "Application.UnitTests", "Application.UnitTests", "{291E9806-65EA-47E2-B52C-891F560B38CF}"
EndProject
Project("{2150E333-8FDC-42A3-9474-1A3956D46DE8}") = "Application.IntegrationTests", "Application.IntegrationTests", "{831AB126-481E-46E8-A08D-D2BE5E9D5F5A}"
EndProject
Project("{2150E333-8FDC-42A3-9474-1A3956D46DE8}") = "Domain.UnitTests", "Domain.UnitTests", "{304BE79B-E4D2-4016-B505-9B464C8427EC}"
EndProject
Project("{9A19103F-16F7-4668-BE54-9A1E7A4F7556}") = "LetsDoIt.Moody.Application.IntegrationTests", "tests\Application.IntegrationTests\LetsDoIt.Moody.Application.IntegrationTests\LetsDoIt.Moody.Application.IntegrationTests.csproj", "{55D91F04-9389-4BEC-AEB6-E3D72008ED84}"
EndProject
Project("{9A19103F-16F7-4668-BE54-9A1E7A4F7556}") = "LetsDoIt.Moody.Application.UnitTests", "tests\Application.UnitTests\LetsDoIt.Moody.Application.UnitTests\LetsDoIt.Moody.Application.UnitTests.csproj", "{2C785824-6F86-46A4-873A-9707DD9867DC}"
EndProject
Project("{9A19103F-16F7-4668-BE54-9A1E7A4F7556}") = "LetsDoIt.Moody.Domain.UnitTests", "tests\Domain.UnitTests\LetsDoIt.Moody.Domain.UnitTests\LetsDoIt.Moody.Domain.UnitTests.csproj", "{E09F4529-39E9-4768-A9EB-FA1CADC66784}"
EndProject
Project("{2150E333-8FDC-42A3-9474-1A3956D46DE8}") = "Persistance", "Persistance", "{B5984459-89E5-4059-88FE-C47300AF6D48}"
EndProject
Project("{9A19103F-16F7-4668-BE54-9A1E7A4F7556}") = "LetsDoIt.Moody.Persistance", "src\Persistance\LetsDoIt.Moody.Persistance\LetsDoIt.Moody.Persistance.csproj", "{A46F3578-E2F2-46CA-9198-AF529F757E65}"
EndProject
Project("{2150E333-8FDC-42A3-9474-1A3956D46DE8}") = "Web.UnitTests", "Web.UnitTests", "{1158B3CC-169B-426A-9B01-CAB5C8DBB150}"
EndProject
Project("{2150E333-8FDC-42A3-9474-1A3956D46DE8}") = "Solution Items", "Solution Items", "{DB3ABC11-13C0-4506-91FC-910FBBA9C2F1}"
	ProjectSection(SolutionItems) = preProject
		nuget.config = nuget.config
	EndProjectSection
EndProject
Project("{9A19103F-16F7-4668-BE54-9A1E7A4F7556}") = "LetsDoIt.Moody.Web.UnitTests", "tests\Web.UnitTests\LetsDoIt.Moody.Web.UnitTests\LetsDoIt.Moody.Web.UnitTests.csproj", "{7805103C-9EC9-429E-AEA0-D1B937848953}"
EndProject
Global
	GlobalSection(SolutionConfigurationPlatforms) = preSolution
		Debug|Any CPU = Debug|Any CPU
		Release|Any CPU = Release|Any CPU
	EndGlobalSection
	GlobalSection(ProjectConfigurationPlatforms) = postSolution
		{1D37FA0A-C9FD-42F9-8B0A-ED9CAB837005}.Debug|Any CPU.ActiveCfg = Debug|Any CPU
		{1D37FA0A-C9FD-42F9-8B0A-ED9CAB837005}.Debug|Any CPU.Build.0 = Debug|Any CPU
		{1D37FA0A-C9FD-42F9-8B0A-ED9CAB837005}.Release|Any CPU.ActiveCfg = Release|Any CPU
		{1D37FA0A-C9FD-42F9-8B0A-ED9CAB837005}.Release|Any CPU.Build.0 = Release|Any CPU
		{99E02C22-7B86-47AD-8706-F532E687DC50}.Debug|Any CPU.ActiveCfg = Debug|Any CPU
		{99E02C22-7B86-47AD-8706-F532E687DC50}.Debug|Any CPU.Build.0 = Debug|Any CPU
		{99E02C22-7B86-47AD-8706-F532E687DC50}.Release|Any CPU.ActiveCfg = Release|Any CPU
		{99E02C22-7B86-47AD-8706-F532E687DC50}.Release|Any CPU.Build.0 = Release|Any CPU
		{8C0D630C-BAAF-4013-8962-293071DEA101}.Debug|Any CPU.ActiveCfg = Debug|Any CPU
		{8C0D630C-BAAF-4013-8962-293071DEA101}.Debug|Any CPU.Build.0 = Debug|Any CPU
		{8C0D630C-BAAF-4013-8962-293071DEA101}.Release|Any CPU.ActiveCfg = Release|Any CPU
		{8C0D630C-BAAF-4013-8962-293071DEA101}.Release|Any CPU.Build.0 = Release|Any CPU
		{1C59363F-BB54-4066-A4FD-8FAAF357880E}.Debug|Any CPU.ActiveCfg = Debug|Any CPU
		{1C59363F-BB54-4066-A4FD-8FAAF357880E}.Debug|Any CPU.Build.0 = Debug|Any CPU
		{1C59363F-BB54-4066-A4FD-8FAAF357880E}.Release|Any CPU.ActiveCfg = Release|Any CPU
		{1C59363F-BB54-4066-A4FD-8FAAF357880E}.Release|Any CPU.Build.0 = Release|Any CPU
		{55D91F04-9389-4BEC-AEB6-E3D72008ED84}.Debug|Any CPU.ActiveCfg = Debug|Any CPU
		{55D91F04-9389-4BEC-AEB6-E3D72008ED84}.Debug|Any CPU.Build.0 = Debug|Any CPU
		{55D91F04-9389-4BEC-AEB6-E3D72008ED84}.Release|Any CPU.ActiveCfg = Release|Any CPU
		{55D91F04-9389-4BEC-AEB6-E3D72008ED84}.Release|Any CPU.Build.0 = Release|Any CPU
		{2C785824-6F86-46A4-873A-9707DD9867DC}.Debug|Any CPU.ActiveCfg = Debug|Any CPU
		{2C785824-6F86-46A4-873A-9707DD9867DC}.Debug|Any CPU.Build.0 = Debug|Any CPU
		{2C785824-6F86-46A4-873A-9707DD9867DC}.Release|Any CPU.ActiveCfg = Release|Any CPU
		{2C785824-6F86-46A4-873A-9707DD9867DC}.Release|Any CPU.Build.0 = Release|Any CPU
		{E09F4529-39E9-4768-A9EB-FA1CADC66784}.Debug|Any CPU.ActiveCfg = Debug|Any CPU
		{E09F4529-39E9-4768-A9EB-FA1CADC66784}.Debug|Any CPU.Build.0 = Debug|Any CPU
		{E09F4529-39E9-4768-A9EB-FA1CADC66784}.Release|Any CPU.ActiveCfg = Release|Any CPU
		{E09F4529-39E9-4768-A9EB-FA1CADC66784}.Release|Any CPU.Build.0 = Release|Any CPU
		{A46F3578-E2F2-46CA-9198-AF529F757E65}.Debug|Any CPU.ActiveCfg = Debug|Any CPU
		{A46F3578-E2F2-46CA-9198-AF529F757E65}.Debug|Any CPU.Build.0 = Debug|Any CPU
		{A46F3578-E2F2-46CA-9198-AF529F757E65}.Release|Any CPU.ActiveCfg = Release|Any CPU
		{A46F3578-E2F2-46CA-9198-AF529F757E65}.Release|Any CPU.Build.0 = Release|Any CPU
		{7805103C-9EC9-429E-AEA0-D1B937848953}.Debug|Any CPU.ActiveCfg = Debug|Any CPU
		{7805103C-9EC9-429E-AEA0-D1B937848953}.Debug|Any CPU.Build.0 = Debug|Any CPU
		{7805103C-9EC9-429E-AEA0-D1B937848953}.Release|Any CPU.ActiveCfg = Release|Any CPU
		{7805103C-9EC9-429E-AEA0-D1B937848953}.Release|Any CPU.Build.0 = Release|Any CPU
	EndGlobalSection
	GlobalSection(SolutionProperties) = preSolution
		HideSolutionNode = FALSE
	EndGlobalSection
	GlobalSection(NestedProjects) = preSolution
		{1D37FA0A-C9FD-42F9-8B0A-ED9CAB837005} = {C83E87DE-5BAA-4FA4-9D29-190C049DC70E}
		{C83E87DE-5BAA-4FA4-9D29-190C049DC70E} = {79243330-7626-456D-BFB3-8EB4756C616B}
		{6E2695AA-EDE9-4391-B66F-2E0926060540} = {79243330-7626-456D-BFB3-8EB4756C616B}
		{99E02C22-7B86-47AD-8706-F532E687DC50} = {6E2695AA-EDE9-4391-B66F-2E0926060540}
		{EAEAD3AD-554E-4A39-8CCF-37F039B71C15} = {79243330-7626-456D-BFB3-8EB4756C616B}
		{8C0D630C-BAAF-4013-8962-293071DEA101} = {EAEAD3AD-554E-4A39-8CCF-37F039B71C15}
		{B9C8F300-2439-4F61-BB09-5CB3312EF5F2} = {79243330-7626-456D-BFB3-8EB4756C616B}
		{1C59363F-BB54-4066-A4FD-8FAAF357880E} = {B9C8F300-2439-4F61-BB09-5CB3312EF5F2}
		{291E9806-65EA-47E2-B52C-891F560B38CF} = {E58C65D5-036D-4070-B42B-2F58E3BD6E34}
		{831AB126-481E-46E8-A08D-D2BE5E9D5F5A} = {E58C65D5-036D-4070-B42B-2F58E3BD6E34}
		{304BE79B-E4D2-4016-B505-9B464C8427EC} = {E58C65D5-036D-4070-B42B-2F58E3BD6E34}
		{55D91F04-9389-4BEC-AEB6-E3D72008ED84} = {831AB126-481E-46E8-A08D-D2BE5E9D5F5A}
		{2C785824-6F86-46A4-873A-9707DD9867DC} = {291E9806-65EA-47E2-B52C-891F560B38CF}
		{E09F4529-39E9-4768-A9EB-FA1CADC66784} = {304BE79B-E4D2-4016-B505-9B464C8427EC}
		{B5984459-89E5-4059-88FE-C47300AF6D48} = {79243330-7626-456D-BFB3-8EB4756C616B}
		{A46F3578-E2F2-46CA-9198-AF529F757E65} = {B5984459-89E5-4059-88FE-C47300AF6D48}
		{1158B3CC-169B-426A-9B01-CAB5C8DBB150} = {E58C65D5-036D-4070-B42B-2F58E3BD6E34}
		{7805103C-9EC9-429E-AEA0-D1B937848953} = {1158B3CC-169B-426A-9B01-CAB5C8DBB150}
	EndGlobalSection
	GlobalSection(ExtensibilityGlobals) = postSolution
		SolutionGuid = {9A096469-A3CF-4011-AAE1-EF464CB0345B}
	EndGlobalSection
EndGlobal
