
Microsoft Visual Studio Solution File, Format Version 12.00
# Visual Studio Version 16
VisualStudioVersion = 16.0.30225.117
MinimumVisualStudioVersion = 10.0.40219.1
Project("{2150E333-8FDC-42A3-9474-1A3956D46DE8}") = "src", "src", "{79243330-7626-456D-BFB3-8EB4756C616B}"
EndProject
Project("{2150E333-8FDC-42A3-9474-1A3956D46DE8}") = "tests", "tests", "{E58C65D5-036D-4070-B42B-2F58E3BD6E34}"
EndProject
Project("{2150E333-8FDC-42A3-9474-1A3956D46DE8}") = "Solution Items", "Solution Items", "{DB3ABC11-13C0-4506-91FC-910FBBA9C2F1}"
	ProjectSection(SolutionItems) = preProject
		.editorconfig = .editorconfig
		nuget.config = nuget.config
	EndProjectSection
EndProject
Project("{2150E333-8FDC-42A3-9474-1A3956D46DE8}") = "TemporaryTokenGenerator", "TemporaryTokenGenerator", "{CD56FDFF-92E3-43A2-B758-0C6366D0EEE2}"
EndProject
Project("{9A19103F-16F7-4668-BE54-9A1E7A4F7556}") = "LetsDoIt.Moody.TemporaryTokenGenerator", "src\LetsDoIt.Moody.TemporaryTokenGenerator\LetsDoIt.Moody.TemporaryTokenGenerator.csproj", "{3C5F33DB-2318-4A98-A25D-54782A988BDF}"
EndProject
Project("{9A19103F-16F7-4668-BE54-9A1E7A4F7556}") = "LetsDoIt.Moody.Application", "src\LetsDoIt.Moody.Application\LetsDoIt.Moody.Application.csproj", "{53674707-C275-492F-BED7-C5A65B814536}"
EndProject
Project("{9A19103F-16F7-4668-BE54-9A1E7A4F7556}") = "LetsDoIt.Moody.Web", "src\LetsDoIt.Moody.Web\LetsDoIt.Moody.Web.csproj", "{A8987FD9-2C84-4D1F-9C5D-E63088D5942B}"
EndProject
Project("{9A19103F-16F7-4668-BE54-9A1E7A4F7556}") = "LetsDoIt.Moody.Infrastructure", "src\LetsDoIt.Moody.Infrastructure\LetsDoIt.Moody.Infrastructure.csproj", "{8EEC8283-5380-4E45-89B8-BE1EE6B8CD61}"
EndProject
Project("{9A19103F-16F7-4668-BE54-9A1E7A4F7556}") = "LetsDoIt.Moody.Persistance", "src\LetsDoIt.Moody.Persistance\LetsDoIt.Moody.Persistance.csproj", "{EFF3EC76-33C9-4363-A20A-0C5052739E8B}"
EndProject
Project("{9A19103F-16F7-4668-BE54-9A1E7A4F7556}") = "LetsDoIt.Moody.Application.IntegrationTests", "tests\LetsDoIt.Moody.Application.IntegrationTests\LetsDoIt.Moody.Application.IntegrationTests.csproj", "{835D3B9C-95F1-4899-BFFB-CA3FDC072048}"
EndProject
Project("{9A19103F-16F7-4668-BE54-9A1E7A4F7556}") = "LetsDoIt.Moody.Application.UnitTests", "tests\LetsDoIt.Moody.Application.UnitTests\LetsDoIt.Moody.Application.UnitTests.csproj", "{5D1F9D3F-2C98-4C65-B31B-ED88AB8218CD}"
EndProject
Project("{9A19103F-16F7-4668-BE54-9A1E7A4F7556}") = "LetsDoIt.Moody.Web.UnitTests", "tests\LetsDoIt.Moody.Web.UnitTests\LetsDoIt.Moody.Web.UnitTests.csproj", "{51377929-4133-4280-811C-A6315915EA64}"
EndProject
Global
	GlobalSection(SolutionConfigurationPlatforms) = preSolution
		Debug|Any CPU = Debug|Any CPU
		Release|Any CPU = Release|Any CPU
	EndGlobalSection
	GlobalSection(ProjectConfigurationPlatforms) = postSolution
		{3C5F33DB-2318-4A98-A25D-54782A988BDF}.Debug|Any CPU.ActiveCfg = Debug|Any CPU
		{3C5F33DB-2318-4A98-A25D-54782A988BDF}.Debug|Any CPU.Build.0 = Debug|Any CPU
		{3C5F33DB-2318-4A98-A25D-54782A988BDF}.Release|Any CPU.ActiveCfg = Release|Any CPU
		{3C5F33DB-2318-4A98-A25D-54782A988BDF}.Release|Any CPU.Build.0 = Release|Any CPU
		{53674707-C275-492F-BED7-C5A65B814536}.Debug|Any CPU.ActiveCfg = Debug|Any CPU
		{53674707-C275-492F-BED7-C5A65B814536}.Debug|Any CPU.Build.0 = Debug|Any CPU
		{53674707-C275-492F-BED7-C5A65B814536}.Release|Any CPU.ActiveCfg = Release|Any CPU
		{53674707-C275-492F-BED7-C5A65B814536}.Release|Any CPU.Build.0 = Release|Any CPU
		{A8987FD9-2C84-4D1F-9C5D-E63088D5942B}.Debug|Any CPU.ActiveCfg = Debug|Any CPU
		{A8987FD9-2C84-4D1F-9C5D-E63088D5942B}.Debug|Any CPU.Build.0 = Debug|Any CPU
		{A8987FD9-2C84-4D1F-9C5D-E63088D5942B}.Release|Any CPU.ActiveCfg = Release|Any CPU
		{A8987FD9-2C84-4D1F-9C5D-E63088D5942B}.Release|Any CPU.Build.0 = Release|Any CPU
		{8EEC8283-5380-4E45-89B8-BE1EE6B8CD61}.Debug|Any CPU.ActiveCfg = Debug|Any CPU
		{8EEC8283-5380-4E45-89B8-BE1EE6B8CD61}.Debug|Any CPU.Build.0 = Debug|Any CPU
		{8EEC8283-5380-4E45-89B8-BE1EE6B8CD61}.Release|Any CPU.ActiveCfg = Release|Any CPU
		{8EEC8283-5380-4E45-89B8-BE1EE6B8CD61}.Release|Any CPU.Build.0 = Release|Any CPU
		{EFF3EC76-33C9-4363-A20A-0C5052739E8B}.Debug|Any CPU.ActiveCfg = Debug|Any CPU
		{EFF3EC76-33C9-4363-A20A-0C5052739E8B}.Debug|Any CPU.Build.0 = Debug|Any CPU
		{EFF3EC76-33C9-4363-A20A-0C5052739E8B}.Release|Any CPU.ActiveCfg = Release|Any CPU
		{EFF3EC76-33C9-4363-A20A-0C5052739E8B}.Release|Any CPU.Build.0 = Release|Any CPU
		{835D3B9C-95F1-4899-BFFB-CA3FDC072048}.Debug|Any CPU.ActiveCfg = Debug|Any CPU
		{835D3B9C-95F1-4899-BFFB-CA3FDC072048}.Debug|Any CPU.Build.0 = Debug|Any CPU
		{835D3B9C-95F1-4899-BFFB-CA3FDC072048}.Release|Any CPU.ActiveCfg = Release|Any CPU
		{835D3B9C-95F1-4899-BFFB-CA3FDC072048}.Release|Any CPU.Build.0 = Release|Any CPU
		{5D1F9D3F-2C98-4C65-B31B-ED88AB8218CD}.Debug|Any CPU.ActiveCfg = Debug|Any CPU
		{5D1F9D3F-2C98-4C65-B31B-ED88AB8218CD}.Debug|Any CPU.Build.0 = Debug|Any CPU
		{5D1F9D3F-2C98-4C65-B31B-ED88AB8218CD}.Release|Any CPU.ActiveCfg = Release|Any CPU
		{5D1F9D3F-2C98-4C65-B31B-ED88AB8218CD}.Release|Any CPU.Build.0 = Release|Any CPU
		{51377929-4133-4280-811C-A6315915EA64}.Debug|Any CPU.ActiveCfg = Debug|Any CPU
		{51377929-4133-4280-811C-A6315915EA64}.Debug|Any CPU.Build.0 = Debug|Any CPU
		{51377929-4133-4280-811C-A6315915EA64}.Release|Any CPU.ActiveCfg = Release|Any CPU
		{51377929-4133-4280-811C-A6315915EA64}.Release|Any CPU.Build.0 = Release|Any CPU
	EndGlobalSection
	GlobalSection(SolutionProperties) = preSolution
		HideSolutionNode = FALSE
	EndGlobalSection
	GlobalSection(NestedProjects) = preSolution
		{CD56FDFF-92E3-43A2-B758-0C6366D0EEE2} = {79243330-7626-456D-BFB3-8EB4756C616B}
		{3C5F33DB-2318-4A98-A25D-54782A988BDF} = {CD56FDFF-92E3-43A2-B758-0C6366D0EEE2}
		{53674707-C275-492F-BED7-C5A65B814536} = {79243330-7626-456D-BFB3-8EB4756C616B}
		{A8987FD9-2C84-4D1F-9C5D-E63088D5942B} = {79243330-7626-456D-BFB3-8EB4756C616B}
		{8EEC8283-5380-4E45-89B8-BE1EE6B8CD61} = {79243330-7626-456D-BFB3-8EB4756C616B}
		{EFF3EC76-33C9-4363-A20A-0C5052739E8B} = {79243330-7626-456D-BFB3-8EB4756C616B}
		{835D3B9C-95F1-4899-BFFB-CA3FDC072048} = {E58C65D5-036D-4070-B42B-2F58E3BD6E34}
		{5D1F9D3F-2C98-4C65-B31B-ED88AB8218CD} = {E58C65D5-036D-4070-B42B-2F58E3BD6E34}
		{51377929-4133-4280-811C-A6315915EA64} = {E58C65D5-036D-4070-B42B-2F58E3BD6E34}
	EndGlobalSection
	GlobalSection(ExtensibilityGlobals) = postSolution
		SolutionGuid = {9A096469-A3CF-4011-AAE1-EF464CB0345B}
	EndGlobalSection
EndGlobal
