
Microsoft Visual Studio Solution File, Format Version 12.00
# Visual Studio Version 16
VisualStudioVersion = 16.0.30225.117
MinimumVisualStudioVersion = 10.0.40219.1
Project("{2150E333-8FDC-42A3-9474-1A3956D46DE8}") = "src", "src", "{79243330-7626-456D-BFB3-8EB4756C616B}"
EndProject
Project("{2150E333-8FDC-42A3-9474-1A3956D46DE8}") = "tests", "tests", "{E58C65D5-036D-4070-B42B-2F58E3BD6E34}"
EndProject
Project("{2150E333-8FDC-42A3-9474-1A3956D46DE8}") = "Solution Items", "Solution Items", "{DB3ABC11-13C0-4506-91FC-910FBBA9C2F1}"
	ProjectSection(SolutionItems) = preProject
		.editorconfig = .editorconfig
		nuget.config = nuget.config
	EndProjectSection
EndProject
Project("{9A19103F-16F7-4668-BE54-9A1E7A4F7556}") = "LetsDoIt.Moody.Persistence", "src\LetsDoIt.Moody.Persistence\LetsDoIt.Moody.Persistence.csproj", "{489A73B3-F09F-4A50-AFF6-359BC22D1918}"
EndProject
Project("{9A19103F-16F7-4668-BE54-9A1E7A4F7556}") = "LetsDoIt.Moody.Infrastructure", "src\LetsDoIt.Moody.Infrastructure\LetsDoIt.Moody.Infrastructure.csproj", "{6CA6AE4A-A50D-42FB-9AC2-578B50750BC6}"
EndProject
Project("{9A19103F-16F7-4668-BE54-9A1E7A4F7556}") = "LetsDoIt.Moody.Application", "src\LetsDoIt.Moody.Application\LetsDoIt.Moody.Application.csproj", "{11724360-A6F3-48DD-844A-63B6864D730B}"
EndProject
Project("{9A19103F-16F7-4668-BE54-9A1E7A4F7556}") = "LetsDoIt.Moody.TemporaryTokenGenerator", "src\LetsDoIt.Moody.TemporaryTokenGenerator\LetsDoIt.Moody.TemporaryTokenGenerator.csproj", "{DEE836FF-A379-4604-81C9-D0643289FE32}"
EndProject
Project("{9A19103F-16F7-4668-BE54-9A1E7A4F7556}") = "LetsDoIt.Moody.Web", "src\LetsDoIt.Moody.Web\LetsDoIt.Moody.Web.csproj", "{8AF66EA7-873D-4501-A70D-52DE09A8EF11}"
EndProject
Project("{9A19103F-16F7-4668-BE54-9A1E7A4F7556}") = "LetsDoIt.Moody.Application.IntegrationTests", "tests\LetsDoIt.Moody.Application.IntegrationTests\LetsDoIt.Moody.Application.IntegrationTests.csproj", "{EBF19470-EFEF-41B2-9661-3F76995D8AEC}"
EndProject
Project("{9A19103F-16F7-4668-BE54-9A1E7A4F7556}") = "LetsDoIt.Moody.Application.UnitTests", "tests\LetsDoIt.Moody.Application.UnitTests\LetsDoIt.Moody.Application.UnitTests.csproj", "{8B2EA3BE-0AA6-4F82-B46D-9BAF64F05415}"
EndProject
Global
	GlobalSection(SolutionConfigurationPlatforms) = preSolution
		Debug|Any CPU = Debug|Any CPU
		Release|Any CPU = Release|Any CPU
	EndGlobalSection
	GlobalSection(ProjectConfigurationPlatforms) = postSolution
		{489A73B3-F09F-4A50-AFF6-359BC22D1918}.Debug|Any CPU.ActiveCfg = Debug|Any CPU
		{489A73B3-F09F-4A50-AFF6-359BC22D1918}.Debug|Any CPU.Build.0 = Debug|Any CPU
		{489A73B3-F09F-4A50-AFF6-359BC22D1918}.Release|Any CPU.ActiveCfg = Release|Any CPU
		{489A73B3-F09F-4A50-AFF6-359BC22D1918}.Release|Any CPU.Build.0 = Release|Any CPU
		{6CA6AE4A-A50D-42FB-9AC2-578B50750BC6}.Debug|Any CPU.ActiveCfg = Debug|Any CPU
		{6CA6AE4A-A50D-42FB-9AC2-578B50750BC6}.Debug|Any CPU.Build.0 = Debug|Any CPU
		{6CA6AE4A-A50D-42FB-9AC2-578B50750BC6}.Release|Any CPU.ActiveCfg = Release|Any CPU
		{6CA6AE4A-A50D-42FB-9AC2-578B50750BC6}.Release|Any CPU.Build.0 = Release|Any CPU
		{11724360-A6F3-48DD-844A-63B6864D730B}.Debug|Any CPU.ActiveCfg = Debug|Any CPU
		{11724360-A6F3-48DD-844A-63B6864D730B}.Debug|Any CPU.Build.0 = Debug|Any CPU
		{11724360-A6F3-48DD-844A-63B6864D730B}.Release|Any CPU.ActiveCfg = Release|Any CPU
		{11724360-A6F3-48DD-844A-63B6864D730B}.Release|Any CPU.Build.0 = Release|Any CPU
		{DEE836FF-A379-4604-81C9-D0643289FE32}.Debug|Any CPU.ActiveCfg = Debug|Any CPU
		{DEE836FF-A379-4604-81C9-D0643289FE32}.Debug|Any CPU.Build.0 = Debug|Any CPU
		{DEE836FF-A379-4604-81C9-D0643289FE32}.Release|Any CPU.ActiveCfg = Release|Any CPU
		{DEE836FF-A379-4604-81C9-D0643289FE32}.Release|Any CPU.Build.0 = Release|Any CPU
		{8AF66EA7-873D-4501-A70D-52DE09A8EF11}.Debug|Any CPU.ActiveCfg = Debug|Any CPU
		{8AF66EA7-873D-4501-A70D-52DE09A8EF11}.Debug|Any CPU.Build.0 = Debug|Any CPU
		{8AF66EA7-873D-4501-A70D-52DE09A8EF11}.Release|Any CPU.ActiveCfg = Release|Any CPU
		{8AF66EA7-873D-4501-A70D-52DE09A8EF11}.Release|Any CPU.Build.0 = Release|Any CPU
		{EBF19470-EFEF-41B2-9661-3F76995D8AEC}.Debug|Any CPU.ActiveCfg = Debug|Any CPU
		{EBF19470-EFEF-41B2-9661-3F76995D8AEC}.Debug|Any CPU.Build.0 = Debug|Any CPU
		{EBF19470-EFEF-41B2-9661-3F76995D8AEC}.Release|Any CPU.ActiveCfg = Release|Any CPU
		{EBF19470-EFEF-41B2-9661-3F76995D8AEC}.Release|Any CPU.Build.0 = Release|Any CPU
		{8B2EA3BE-0AA6-4F82-B46D-9BAF64F05415}.Debug|Any CPU.ActiveCfg = Debug|Any CPU
		{8B2EA3BE-0AA6-4F82-B46D-9BAF64F05415}.Debug|Any CPU.Build.0 = Debug|Any CPU
		{8B2EA3BE-0AA6-4F82-B46D-9BAF64F05415}.Release|Any CPU.ActiveCfg = Release|Any CPU
		{8B2EA3BE-0AA6-4F82-B46D-9BAF64F05415}.Release|Any CPU.Build.0 = Release|Any CPU
	EndGlobalSection
	GlobalSection(SolutionProperties) = preSolution
		HideSolutionNode = FALSE
	EndGlobalSection
	GlobalSection(NestedProjects) = preSolution
		{489A73B3-F09F-4A50-AFF6-359BC22D1918} = {79243330-7626-456D-BFB3-8EB4756C616B}
		{6CA6AE4A-A50D-42FB-9AC2-578B50750BC6} = {79243330-7626-456D-BFB3-8EB4756C616B}
		{11724360-A6F3-48DD-844A-63B6864D730B} = {79243330-7626-456D-BFB3-8EB4756C616B}
		{DEE836FF-A379-4604-81C9-D0643289FE32} = {79243330-7626-456D-BFB3-8EB4756C616B}
		{8AF66EA7-873D-4501-A70D-52DE09A8EF11} = {79243330-7626-456D-BFB3-8EB4756C616B}
		{EBF19470-EFEF-41B2-9661-3F76995D8AEC} = {E58C65D5-036D-4070-B42B-2F58E3BD6E34}
		{8B2EA3BE-0AA6-4F82-B46D-9BAF64F05415} = {E58C65D5-036D-4070-B42B-2F58E3BD6E34}
	EndGlobalSection
	GlobalSection(ExtensibilityGlobals) = postSolution
		SolutionGuid = {9A096469-A3CF-4011-AAE1-EF464CB0345B}
	EndGlobalSection
EndGlobal
